
Microsoft Visual Studio Solution File, Format Version 12.00
# Visual Studio Version 16
VisualStudioVersion = 16.0.31624.102
MinimumVisualStudioVersion = 10.0.40219.1
Project("{FAE04EC0-301F-11D3-BF4B-00C04F79EFBC}") = "Inmobiliaria", "Inmobiliaria\Inmobiliaria.csproj", "{AC6934B5-915E-4F06-814F-1A9272C5FC55}"
EndProject
Global
	GlobalSection(SolutionConfigurationPlatforms) = preSolution
		Debug|Any CPU = Debug|Any CPU
		Release|Any CPU = Release|Any CPU
	EndGlobalSection
	GlobalSection(ProjectConfigurationPlatforms) = postSolution
		{AC6934B5-915E-4F06-814F-1A9272C5FC55}.Debug|Any CPU.ActiveCfg = Debug|Any CPU
		{AC6934B5-915E-4F06-814F-1A9272C5FC55}.Debug|Any CPU.Build.0 = Debug|Any CPU
		{AC6934B5-915E-4F06-814F-1A9272C5FC55}.Release|Any CPU.ActiveCfg = Release|Any CPU
		{AC6934B5-915E-4F06-814F-1A9272C5FC55}.Release|Any CPU.Build.0 = Release|Any CPU
	EndGlobalSection
	GlobalSection(SolutionProperties) = preSolution
		HideSolutionNode = FALSE
	EndGlobalSection
	GlobalSection(ExtensibilityGlobals) = postSolution
		SolutionGuid = {68861F9F-2C84-4980-B0D1-C8F50D2AC17E}
	EndGlobalSection
EndGlobal
