
Microsoft Visual Studio Solution File, Format Version 12.00
# Visual Studio Version 16
VisualStudioVersion = 16.0.31624.102
MinimumVisualStudioVersion = 10.0.40219.1
Project("{FAE04EC0-301F-11D3-BF4B-00C04F79EFBC}") = "clasemala2", "clasemala2\clasemala2.csproj", "{4287D849-EFBF-4D7B-A3FB-88110EC40619}"
EndProject
Global
	GlobalSection(SolutionConfigurationPlatforms) = preSolution
		Debug|Any CPU = Debug|Any CPU
		Release|Any CPU = Release|Any CPU
	EndGlobalSection
	GlobalSection(ProjectConfigurationPlatforms) = postSolution
		{4287D849-EFBF-4D7B-A3FB-88110EC40619}.Debug|Any CPU.ActiveCfg = Debug|Any CPU
		{4287D849-EFBF-4D7B-A3FB-88110EC40619}.Debug|Any CPU.Build.0 = Debug|Any CPU
		{4287D849-EFBF-4D7B-A3FB-88110EC40619}.Release|Any CPU.ActiveCfg = Release|Any CPU
		{4287D849-EFBF-4D7B-A3FB-88110EC40619}.Release|Any CPU.Build.0 = Release|Any CPU
	EndGlobalSection
	GlobalSection(SolutionProperties) = preSolution
		HideSolutionNode = FALSE
	EndGlobalSection
	GlobalSection(ExtensibilityGlobals) = postSolution
		SolutionGuid = {7A32B293-FFC0-42CD-A20D-40BA1A03F2E7}
	EndGlobalSection
EndGlobal
