
Microsoft Visual Studio Solution File, Format Version 12.00
# Visual Studio Version 16
VisualStudioVersion = 16.0.31624.102
MinimumVisualStudioVersion = 10.0.40219.1
Project("{FAE04EC0-301F-11D3-BF4B-00C04F79EFBC}") = "formularioBanco", "formularioBanco\formularioBanco.csproj", "{72E66DA2-8E85-4083-AB65-0BF47A0C2128}"
EndProject
Global
	GlobalSection(SolutionConfigurationPlatforms) = preSolution
		Debug|Any CPU = Debug|Any CPU
		Release|Any CPU = Release|Any CPU
	EndGlobalSection
	GlobalSection(ProjectConfigurationPlatforms) = postSolution
		{72E66DA2-8E85-4083-AB65-0BF47A0C2128}.Debug|Any CPU.ActiveCfg = Debug|Any CPU
		{72E66DA2-8E85-4083-AB65-0BF47A0C2128}.Debug|Any CPU.Build.0 = Debug|Any CPU
		{72E66DA2-8E85-4083-AB65-0BF47A0C2128}.Release|Any CPU.ActiveCfg = Release|Any CPU
		{72E66DA2-8E85-4083-AB65-0BF47A0C2128}.Release|Any CPU.Build.0 = Release|Any CPU
	EndGlobalSection
	GlobalSection(SolutionProperties) = preSolution
		HideSolutionNode = FALSE
	EndGlobalSection
	GlobalSection(ExtensibilityGlobals) = postSolution
		SolutionGuid = {40438AF7-387D-44E8-9F58-4666D0EEBC1D}
	EndGlobalSection
EndGlobal
